
Microsoft Visual Studio Solution File, Format Version 12.00
# Visual Studio Version 16
VisualStudioVersion = 16.0.30503.244
MinimumVisualStudioVersion = 10.0.40219.1
Project("{9A19103F-16F7-4668-BE54-9A1E7A4F7556}") = "SchemaValidationGenerator", "SchemaValidationGenerator\SchemaValidationGenerator.csproj", "{22D52C82-5A83-4C9D-A689-18FA8A8F18F0}"
EndProject
Project("{FAE04EC0-301F-11D3-BF4B-00C04F79EFBC}") = "WebApi.Test", "WebApi.Test\WebApi.Test.csproj", "{84A15B3F-7522-4122-8E7A-4C0F3C0F3309}"
EndProject
Global
	GlobalSection(SolutionConfigurationPlatforms) = preSolution
		Debug|Any CPU = Debug|Any CPU
		Release|Any CPU = Release|Any CPU
	EndGlobalSection
	GlobalSection(ProjectConfigurationPlatforms) = postSolution
		{22D52C82-5A83-4C9D-A689-18FA8A8F18F0}.Debug|Any CPU.ActiveCfg = Debug|Any CPU
		{22D52C82-5A83-4C9D-A689-18FA8A8F18F0}.Debug|Any CPU.Build.0 = Debug|Any CPU
		{22D52C82-5A83-4C9D-A689-18FA8A8F18F0}.Release|Any CPU.ActiveCfg = Release|Any CPU
		{22D52C82-5A83-4C9D-A689-18FA8A8F18F0}.Release|Any CPU.Build.0 = Release|Any CPU
		{84A15B3F-7522-4122-8E7A-4C0F3C0F3309}.Debug|Any CPU.ActiveCfg = Debug|Any CPU
		{84A15B3F-7522-4122-8E7A-4C0F3C0F3309}.Debug|Any CPU.Build.0 = Debug|Any CPU
		{84A15B3F-7522-4122-8E7A-4C0F3C0F3309}.Release|Any CPU.ActiveCfg = Release|Any CPU
		{84A15B3F-7522-4122-8E7A-4C0F3C0F3309}.Release|Any CPU.Build.0 = Release|Any CPU
	EndGlobalSection
	GlobalSection(SolutionProperties) = preSolution
		HideSolutionNode = FALSE
	EndGlobalSection
	GlobalSection(ExtensibilityGlobals) = postSolution
		SolutionGuid = {2DA306E4-70BD-45DC-9A70-374FF6009969}
	EndGlobalSection
EndGlobal
